
Microsoft Visual Studio Solution File, Format Version 12.00
# Visual Studio Version 17
VisualStudioVersion = 17.7.34202.233
MinimumVisualStudioVersion = 10.0.40219.1
Project("{FAE04EC0-301F-11D3-BF4B-00C04F79EFBC}") = "APIDemo", "APIDemo\APIDemo.csproj", "{CCA8F706-FFCD-4D30-9B99-D3759F55B261}"
EndProject
Project("{FAE04EC0-301F-11D3-BF4B-00C04F79EFBC}") = "Swaggerdemo", "Swaggerdemo\Swaggerdemo.csproj", "{F5035D11-A4EA-4408-A2D2-0A96BBA85821}"
EndProject
Project("{FAE04EC0-301F-11D3-BF4B-00C04F79EFBC}") = "StudentApiClient", "StudentApiClient\StudentApiClient.csproj", "{9D3A3EB9-D92A-492D-B709-FAB1B7E29A52}"
EndProject
Project("{FAE04EC0-301F-11D3-BF4B-00C04F79EFBC}") = "DatabaseApi", "DatabaseApi\DatabaseApi.csproj", "{359A851D-FBB9-41D3-B70A-5528B5C83B95}"
EndProject
Project("{9A19103F-16F7-4668-BE54-9A1E7A4F7556}") = "ApiConsumer", "ApiConsumer\ApiConsumer.csproj", "{EF9F0216-9F43-448D-95FF-F798799C1DDD}"
EndProject
Project("{FAE04EC0-301F-11D3-BF4B-00C04F79EFBC}") = "ApiComsumeJS", "ApiComsumeJS\ApiComsumeJS.csproj", "{423E7D98-FA28-42F0-937E-2A76A9096A01}"
EndProject
Global
	GlobalSection(SolutionConfigurationPlatforms) = preSolution
		Debug|Any CPU = Debug|Any CPU
		Release|Any CPU = Release|Any CPU
	EndGlobalSection
	GlobalSection(ProjectConfigurationPlatforms) = postSolution
		{CCA8F706-FFCD-4D30-9B99-D3759F55B261}.Debug|Any CPU.ActiveCfg = Debug|Any CPU
		{CCA8F706-FFCD-4D30-9B99-D3759F55B261}.Debug|Any CPU.Build.0 = Debug|Any CPU
		{CCA8F706-FFCD-4D30-9B99-D3759F55B261}.Release|Any CPU.ActiveCfg = Release|Any CPU
		{CCA8F706-FFCD-4D30-9B99-D3759F55B261}.Release|Any CPU.Build.0 = Release|Any CPU
		{F5035D11-A4EA-4408-A2D2-0A96BBA85821}.Debug|Any CPU.ActiveCfg = Debug|Any CPU
		{F5035D11-A4EA-4408-A2D2-0A96BBA85821}.Debug|Any CPU.Build.0 = Debug|Any CPU
		{F5035D11-A4EA-4408-A2D2-0A96BBA85821}.Release|Any CPU.ActiveCfg = Release|Any CPU
		{F5035D11-A4EA-4408-A2D2-0A96BBA85821}.Release|Any CPU.Build.0 = Release|Any CPU
		{9D3A3EB9-D92A-492D-B709-FAB1B7E29A52}.Debug|Any CPU.ActiveCfg = Debug|Any CPU
		{9D3A3EB9-D92A-492D-B709-FAB1B7E29A52}.Debug|Any CPU.Build.0 = Debug|Any CPU
		{9D3A3EB9-D92A-492D-B709-FAB1B7E29A52}.Release|Any CPU.ActiveCfg = Release|Any CPU
		{9D3A3EB9-D92A-492D-B709-FAB1B7E29A52}.Release|Any CPU.Build.0 = Release|Any CPU
		{359A851D-FBB9-41D3-B70A-5528B5C83B95}.Debug|Any CPU.ActiveCfg = Debug|Any CPU
		{359A851D-FBB9-41D3-B70A-5528B5C83B95}.Debug|Any CPU.Build.0 = Debug|Any CPU
		{359A851D-FBB9-41D3-B70A-5528B5C83B95}.Release|Any CPU.ActiveCfg = Release|Any CPU
		{359A851D-FBB9-41D3-B70A-5528B5C83B95}.Release|Any CPU.Build.0 = Release|Any CPU
		{EF9F0216-9F43-448D-95FF-F798799C1DDD}.Debug|Any CPU.ActiveCfg = Debug|Any CPU
		{EF9F0216-9F43-448D-95FF-F798799C1DDD}.Debug|Any CPU.Build.0 = Debug|Any CPU
		{EF9F0216-9F43-448D-95FF-F798799C1DDD}.Release|Any CPU.ActiveCfg = Release|Any CPU
		{EF9F0216-9F43-448D-95FF-F798799C1DDD}.Release|Any CPU.Build.0 = Release|Any CPU
		{423E7D98-FA28-42F0-937E-2A76A9096A01}.Debug|Any CPU.ActiveCfg = Debug|Any CPU
		{423E7D98-FA28-42F0-937E-2A76A9096A01}.Debug|Any CPU.Build.0 = Debug|Any CPU
		{423E7D98-FA28-42F0-937E-2A76A9096A01}.Release|Any CPU.ActiveCfg = Release|Any CPU
		{423E7D98-FA28-42F0-937E-2A76A9096A01}.Release|Any CPU.Build.0 = Release|Any CPU
	EndGlobalSection
	GlobalSection(SolutionProperties) = preSolution
		HideSolutionNode = FALSE
	EndGlobalSection
	GlobalSection(ExtensibilityGlobals) = postSolution
		SolutionGuid = {97FC28AA-F0BA-4BD0-8748-8E9DA9A9295F}
	EndGlobalSection
EndGlobal
